// !$*UTF8*$!
{
	archiveVersion = 1;
	classes = {
	};
	objectVersion = 56;
	objects = {

/* Begin PBXBuildFile section */
		3BA80E882A8C192E00BF97EE /* AppDelegate.swift in Sources */ = {isa = PBXBuildFile; fileRef = 3BA80E872A8C192E00BF97EE /* AppDelegate.swift */; };
		3BA80E8A2A8C192E00BF97EE /* SceneDelegate.swift in Sources */ = {isa = PBXBuildFile; fileRef = 3BA80E892A8C192E00BF97EE /* SceneDelegate.swift */; };
		3BA80E8C2A8C192E00BF97EE /* ViewController.swift in Sources */ = {isa = PBXBuildFile; fileRef = 3BA80E8B2A8C192E00BF97EE /* ViewController.swift */; };
		3BA80E912A8C192F00BF97EE /* Assets.xcassets in Resources */ = {isa = PBXBuildFile; fileRef = 3BA80E902A8C192F00BF97EE /* Assets.xcassets */; };
		3BA80E942A8C192F00BF97EE /* LaunchScreen.storyboard in Resources */ = {isa = PBXBuildFile; fileRef = 3BA80E922A8C192F00BF97EE /* LaunchScreen.storyboard */; };
		3BA80E9F2A8C270000BF97EE /* Extension.swift in Sources */ = {isa = PBXBuildFile; fileRef = 3BA80E9E2A8C270000BF97EE /* Extension.swift */; };
/* End PBXBuildFile section */

/* Begin PBXFileReference section */
		3BA80E842A8C192E00BF97EE /* IOS10-HW17-KalykAzhar.app */ = {isa = PBXFileReference; explicitFileType = wrapper.application; includeInIndex = 0; path = "IOS10-HW17-KalykAzhar.app"; sourceTree = BUILT_PRODUCTS_DIR; };
		3BA80E872A8C192E00BF97EE /* AppDelegate.swift */ = {isa = PBXFileReference; lastKnownFileType = sourcecode.swift; path = AppDelegate.swift; sourceTree = "<group>"; };
		3BA80E892A8C192E00BF97EE /* SceneDelegate.swift */ = {isa = PBXFileReference; lastKnownFileType = sourcecode.swift; path = SceneDelegate.swift; sourceTree = "<group>"; };
		3BA80E8B2A8C192E00BF97EE /* ViewController.swift */ = {isa = PBXFileReference; lastKnownFileType = sourcecode.swift; path = ViewController.swift; sourceTree = "<group>"; };
		3BA80E902A8C192F00BF97EE /* Assets.xcassets */ = {isa = PBXFileReference; lastKnownFileType = folder.assetcatalog; path = Assets.xcassets; sourceTree = "<group>"; };
		3BA80E932A8C192F00BF97EE /* Base */ = {isa = PBXFileReference; lastKnownFileType = file.storyboard; name = Base; path = Base.lproj/LaunchScreen.storyboard; sourceTree = "<group>"; };
		3BA80E952A8C192F00BF97EE /* Info.plist */ = {isa = PBXFileReference; lastKnownFileType = text.plist.xml; path = Info.plist; sourceTree = "<group>"; };
		3BA80E9E2A8C270000BF97EE /* Extension.swift */ = {isa = PBXFileReference; lastKnownFileType = sourcecode.swift; path = Extension.swift; sourceTree = "<group>"; };
/* End PBXFileReference section */

/* Begin PBXFrameworksBuildPhase section */
		3BA80E812A8C192E00BF97EE /* Frameworks */ = {
			isa = PBXFrameworksBuildPhase;
			buildActionMask = 2147483647;
			files = (
			);
			runOnlyForDeploymentPostprocessing = 0;
		};
/* End PBXFrameworksBuildPhase section */

/* Begin PBXGroup section */
		3BA80E7B2A8C192E00BF97EE = {
			isa = PBXGroup;
			children = (
				3BA80E862A8C192E00BF97EE /* IOS10-HW17-KalykAzhar */,
				3BA80E852A8C192E00BF97EE /* Products */,
			);
			sourceTree = "<group>";
		};
		3BA80E852A8C192E00BF97EE /* Products */ = {
			isa = PBXGroup;
			children = (
				3BA80E842A8C192E00BF97EE /* IOS10-HW17-KalykAzhar.app */,
			);
			name = Products;
			sourceTree = "<group>";
		};
		3BA80E862A8C192E00BF97EE /* IOS10-HW17-KalykAzhar */ = {
			isa = PBXGroup;
			children = (
				3BA80E9C2A8C267400BF97EE /* App */,
				3BA80E9B2A8C266500BF97EE /* Sources */,
				3BA80E9D2A8C267D00BF97EE /* Resources */,
			);
			path = "IOS10-HW17-KalykAzhar";
			sourceTree = "<group>";
		};
		3BA80E9B2A8C266500BF97EE /* Sources */ = {
			isa = PBXGroup;
			children = (
				3BA80E8B2A8C192E00BF97EE /* ViewController.swift */,
				3BA80E9E2A8C270000BF97EE /* Extension.swift */,
			);
			path = Sources;
			sourceTree = "<group>";
		};
		3BA80E9C2A8C267400BF97EE /* App */ = {
			isa = PBXGroup;
			children = (
				3BA80E892A8C192E00BF97EE /* SceneDelegate.swift */,
				3BA80E872A8C192E00BF97EE /* AppDelegate.swift */,
			);
			path = App;
			sourceTree = "<group>";
		};
		3BA80E9D2A8C267D00BF97EE /* Resources */ = {
			isa = PBXGroup;
			children = (
				3BA80E902A8C192F00BF97EE /* Assets.xcassets */,
				3BA80E922A8C192F00BF97EE /* LaunchScreen.storyboard */,
				3BA80E952A8C192F00BF97EE /* Info.plist */,
			);
			path = Resources;
			sourceTree = "<group>";
		};
/* End PBXGroup section */

/* Begin PBXNativeTarget section */
		3BA80E832A8C192E00BF97EE /* IOS10-HW17-KalykAzhar */ = {
			isa = PBXNativeTarget;
			buildConfigurationList = 3BA80E982A8C192F00BF97EE /* Build configuration list for PBXNativeTarget "IOS10-HW17-KalykAzhar" */;
			buildPhases = (
				3BA80E802A8C192E00BF97EE /* Sources */,
				3BA80E812A8C192E00BF97EE /* Frameworks */,
				3BA80E822A8C192E00BF97EE /* Resources */,
			);
			buildRules = (
			);
			dependencies = (
			);
			name = "IOS10-HW17-KalykAzhar";
			productName = "IOS10-HW17-KalykAzhar";
			productReference = 3BA80E842A8C192E00BF97EE /* IOS10-HW17-KalykAzhar.app */;
			productType = "com.apple.product-type.application";
		};
/* End PBXNativeTarget section */

/* Begin PBXProject section */
		3BA80E7C2A8C192E00BF97EE /* Project object */ = {
			isa = PBXProject;
			attributes = {
				BuildIndependentTargetsInParallel = 1;
				LastSwiftUpdateCheck = 1430;
				LastUpgradeCheck = 1430;
				TargetAttributes = {
					3BA80E832A8C192E00BF97EE = {
						CreatedOnToolsVersion = 14.3.1;
					};
				};
			};
			buildConfigurationList = 3BA80E7F2A8C192E00BF97EE /* Build configuration list for PBXProject "IOS10-HW17-KalykAzhar" */;
			compatibilityVersion = "Xcode 14.0";
			developmentRegion = en;
			hasScannedForEncodings = 0;
			knownRegions = (
				en,
				Base,
			);
			mainGroup = 3BA80E7B2A8C192E00BF97EE;
			productRefGroup = 3BA80E852A8C192E00BF97EE /* Products */;
			projectDirPath = "";
			projectRoot = "";
			targets = (
				3BA80E832A8C192E00BF97EE /* IOS10-HW17-KalykAzhar */,
			);
		};
/* End PBXProject section */

/* Begin PBXResourcesBuildPhase section */
		3BA80E822A8C192E00BF97EE /* Resources */ = {
			isa = PBXResourcesBuildPhase;
			buildActionMask = 2147483647;
			files = (
				3BA80E942A8C192F00BF97EE /* LaunchScreen.storyboard in Resources */,
				3BA80E912A8C192F00BF97EE /* Assets.xcassets in Resources */,
			);
			runOnlyForDeploymentPostprocessing = 0;
		};
/* End PBXResourcesBuildPhase section */

/* Begin PBXSourcesBuildPhase section */
		3BA80E802A8C192E00BF97EE /* Sources */ = {
			isa = PBXSourcesBuildPhase;
			buildActionMask = 2147483647;
			files = (
				3BA80E8C2A8C192E00BF97EE /* ViewController.swift in Sources */,
				3BA80E882A8C192E00BF97EE /* AppDelegate.swift in Sources */,
				3BA80E8A2A8C192E00BF97EE /* SceneDelegate.swift in Sources */,
				3BA80E9F2A8C270000BF97EE /* Extension.swift in Sources */,
			);
			runOnlyForDeploymentPostprocessing = 0;
		};
/* End PBXSourcesBuildPhase section */

/* Begin PBXVariantGroup section */
		3BA80E922A8C192F00BF97EE /* LaunchScreen.storyboard */ = {
			isa = PBXVariantGroup;
			children = (
				3BA80E932A8C192F00BF97EE /* Base */,
			);
			name = LaunchScreen.storyboard;
			sourceTree = "<group>";
		};
/* End PBXVariantGroup section */

/* Begin XCBuildConfiguration section */
		3BA80E962A8C192F00BF97EE /* Debug */ = {
			isa = XCBuildConfiguration;
			buildSettings = {
				ALWAYS_SEARCH_USER_PATHS = NO;
				CLANG_ANALYZER_NONNULL = YES;
				CLANG_ANALYZER_NUMBER_OBJECT_CONVERSION = YES_AGGRESSIVE;
				CLANG_CXX_LANGUAGE_STANDARD = "gnu++20";
				CLANG_ENABLE_MODULES = YES;
				CLANG_ENABLE_OBJC_ARC = YES;
				CLANG_ENABLE_OBJC_WEAK = YES;
				CLANG_WARN_BLOCK_CAPTURE_AUTORELEASING = YES;
				CLANG_WARN_BOOL_CONVERSION = YES;
				CLANG_WARN_COMMA = YES;
				CLANG_WARN_CONSTANT_CONVERSION = YES;
				CLANG_WARN_DEPRECATED_OBJC_IMPLEMENTATIONS = YES;
				CLANG_WARN_DIRECT_OBJC_ISA_USAGE = YES_ERROR;
				CLANG_WARN_DOCUMENTATION_COMMENTS = YES;
				CLANG_WARN_EMPTY_BODY = YES;
				CLANG_WARN_ENUM_CONVERSION = YES;
				CLANG_WARN_INFINITE_RECURSION = YES;
				CLANG_WARN_INT_CONVERSION = YES;
				CLANG_WARN_NON_LITERAL_NULL_CONVERSION = YES;
				CLANG_WARN_OBJC_IMPLICIT_RETAIN_SELF = YES;
				CLANG_WARN_OBJC_LITERAL_CONVERSION = YES;
				CLANG_WARN_OBJC_ROOT_CLASS = YES_ERROR;
				CLANG_WARN_QUOTED_INCLUDE_IN_FRAMEWORK_HEADER = YES;
				CLANG_WARN_RANGE_LOOP_ANALYSIS = YES;
				CLANG_WARN_STRICT_PROTOTYPES = YES;
				CLANG_WARN_SUSPICIOUS_MOVE = YES;
				CLANG_WARN_UNGUARDED_AVAILABILITY = YES_AGGRESSIVE;
				CLANG_WARN_UNREACHABLE_CODE = YES;
				CLANG_WARN__DUPLICATE_METHOD_MATCH = YES;
				COPY_PHASE_STRIP = NO;
				DEBUG_INFORMATION_FORMAT = dwarf;
				ENABLE_STRICT_OBJC_MSGSEND = YES;
				ENABLE_TESTABILITY = YES;
				GCC_C_LANGUAGE_STANDARD = gnu11;
				GCC_DYNAMIC_NO_PIC = NO;
				GCC_NO_COMMON_BLOCKS = YES;
				GCC_OPTIMIZATION_LEVEL = 0;
				GCC_PREPROCESSOR_DEFINITIONS = (
					"DEBUG=1",
					"$(inherited)",
				);
				GCC_WARN_64_TO_32_BIT_CONVERSION = YES;
				GCC_WARN_ABOUT_RETURN_TYPE = YES_ERROR;
				GCC_WARN_UNDECLARED_SELECTOR = YES;
				GCC_WARN_UNINITIALIZED_AUTOS = YES_AGGRESSIVE;
				GCC_WARN_UNUSED_FUNCTION = YES;
				GCC_WARN_UNUSED_VARIABLE = YES;
				IPHONEOS_DEPLOYMENT_TARGET = 16.4;
				MTL_ENABLE_DEBUG_INFO = INCLUDE_SOURCE;
				MTL_FAST_MATH = YES;
				ONLY_ACTIVE_ARCH = YES;
				SDKROOT = iphoneos;
				SWIFT_ACTIVE_COMPILATION_CONDITIONS = DEBUG;
				SWIFT_OPTIMIZATION_LEVEL = "-Onone";
			};
			name = Debug;
		};
		3BA80E972A8C192F00BF97EE /* Release */ = {
			isa = XCBuildConfiguration;
			buildSettings = {
				ALWAYS_SEARCH_USER_PATHS = NO;
				CLANG_ANALYZER_NONNULL = YES;
				CLANG_ANALYZER_NUMBER_OBJECT_CONVERSION = YES_AGGRESSIVE;
				CLANG_CXX_LANGUAGE_STANDARD = "gnu++20";
				CLANG_ENABLE_MODULES = YES;
				CLANG_ENABLE_OBJC_ARC = YES;
				CLANG_ENABLE_OBJC_WEAK = YES;
				CLANG_WARN_BLOCK_CAPTURE_AUTORELEASING = YES;
				CLANG_WARN_BOOL_CONVERSION = YES;
				CLANG_WARN_COMMA = YES;
				CLANG_WARN_CONSTANT_CONVERSION = YES;
				CLANG_WARN_DEPRECATED_OBJC_IMPLEMENTATIONS = YES;
				CLANG_WARN_DIRECT_OBJC_ISA_USAGE = YES_ERROR;
				CLANG_WARN_DOCUMENTATION_COMMENTS = YES;
				CLANG_WARN_EMPTY_BODY = YES;
				CLANG_WARN_ENUM_CONVERSION = YES;
				CLANG_WARN_INFINITE_RECURSION = YES;
				CLANG_WARN_INT_CONVERSION = YES;
				CLANG_WARN_NON_LITERAL_NULL_CONVERSION = YES;
				CLANG_WARN_OBJC_IMPLICIT_RETAIN_SELF = YES;
				CLANG_WARN_OBJC_LITERAL_CONVERSION = YES;
				CLANG_WARN_OBJC_ROOT_CLASS = YES_ERROR;
				CLANG_WARN_QUOTED_INCLUDE_IN_FRAMEWORK_HEADER = YES;
				CLANG_WARN_RANGE_LOOP_ANALYSIS = YES;
				CLANG_WARN_STRICT_PROTOTYPES = YES;
				CLANG_WARN_SUSPICIOUS_MOVE = YES;
				CLANG_WARN_UNGUARDED_AVAILABILITY = YES_AGGRESSIVE;
				CLANG_WARN_UNREACHABLE_CODE = YES;
				CLANG_WARN__DUPLICATE_METHOD_MATCH = YES;
				COPY_PHASE_STRIP = NO;
				DEBUG_INFORMATION_FORMAT = "dwarf-with-dsym";
				ENABLE_NS_ASSERTIONS = NO;
				ENABLE_STRICT_OBJC_MSGSEND = YES;
				GCC_C_LANGUAGE_STANDARD = gnu11;
				GCC_NO_COMMON_BLOCKS = YES;
				GCC_WARN_64_TO_32_BIT_CONVERSION = YES;
				GCC_WARN_ABOUT_RETURN_TYPE = YES_ERROR;
				GCC_WARN_UNDECLARED_SELECTOR = YES;
				GCC_WARN_UNINITIALIZED_AUTOS = YES_AGGRESSIVE;
				GCC_WARN_UNUSED_FUNCTION = YES;
				GCC_WARN_UNUSED_VARIABLE = YES;
				IPHONEOS_DEPLOYMENT_TARGET = 16.4;
				MTL_ENABLE_DEBUG_INFO = NO;
				MTL_FAST_MATH = YES;
				SDKROOT = iphoneos;
				SWIFT_COMPILATION_MODE = wholemodule;
				SWIFT_OPTIMIZATION_LEVEL = "-O";
				VALIDATE_PRODUCT = YES;
			};
			name = Release;
		};
		3BA80E992A8C192F00BF97EE /* Debug */ = {
			isa = XCBuildConfiguration;
			buildSettings = {
				ASSETCATALOG_COMPILER_APPICON_NAME = AppIcon;
				ASSETCATALOG_COMPILER_GLOBAL_ACCENT_COLOR_NAME = AccentColor;
				CODE_SIGN_STYLE = Automatic;
				CURRENT_PROJECT_VERSION = 1;
				DEVELOPMENT_TEAM = QF9HR22348;
				GENERATE_INFOPLIST_FILE = YES;
				INFOPLIST_FILE = "IOS10-HW17-KalykAzhar/Resources/Info.plist";
				INFOPLIST_KEY_UIApplicationSupportsIndirectInputEvents = YES;
				INFOPLIST_KEY_UILaunchStoryboardName = LaunchScreen;
				INFOPLIST_KEY_UISupportedInterfaceOrientations_iPad = "UIInterfaceOrientationPortrait UIInterfaceOrientationPortraitUpsideDown UIInterfaceOrientationLandscapeLeft UIInterfaceOrientationLandscapeRight";
				INFOPLIST_KEY_UISupportedInterfaceOrientations_iPhone = "UIInterfaceOrientationPortrait UIInterfaceOrientationLandscapeLeft UIInterfaceOrientationLandscapeRight";
				LD_RUNPATH_SEARCH_PATHS = (
					"$(inherited)",
					"@executable_path/Frameworks",
				);
				MARKETING_VERSION = 1.0;
				PRODUCT_BUNDLE_IDENTIFIER = "com.kalyk.IOS10-HW17-KalykAzhar";
				PRODUCT_NAME = "$(TARGET_NAME)";
				SWIFT_EMIT_LOC_STRINGS = YES;
				SWIFT_VERSION = 5.0;
				TARGETED_DEVICE_FAMILY = "1,2";
			};
			name = Debug;
		};
		3BA80E9A2A8C192F00BF97EE /* Release */ = {
			isa = XCBuildConfiguration;
			buildSettings = {
				ASSETCATALOG_COMPILER_APPICON_NAME = AppIcon;
				ASSETCATALOG_COMPILER_GLOBAL_ACCENT_COLOR_NAME = AccentColor;
				CODE_SIGN_STYLE = Automatic;
				CURRENT_PROJECT_VERSION = 1;
				DEVELOPMENT_TEAM = QF9HR22348;
				GENERATE_INFOPLIST_FILE = YES;
				INFOPLIST_FILE = "IOS10-HW17-KalykAzhar/Resources/Info.plist";
				INFOPLIST_KEY_UIApplicationSupportsIndirectInputEvents = YES;
				INFOPLIST_KEY_UILaunchStoryboardName = LaunchScreen;
				INFOPLIST_KEY_UISupportedInterfaceOrientations_iPad = "UIInterfaceOrientationPortrait UIInterfaceOrientationPortraitUpsideDown UIInterfaceOrientationLandscapeLeft UIInterfaceOrientationLandscapeRight";
				INFOPLIST_KEY_UISupportedInterfaceOrientations_iPhone = "UIInterfaceOrientationPortrait UIInterfaceOrientationLandscapeLeft UIInterfaceOrientationLandscapeRight";
				LD_RUNPATH_SEARCH_PATHS = (
					"$(inherited)",
					"@executable_path/Frameworks",
				);
				MARKETING_VERSION = 1.0;
				PRODUCT_BUNDLE_IDENTIFIER = "com.kalyk.IOS10-HW17-KalykAzhar";
				PRODUCT_NAME = "$(TARGET_NAME)";
				SWIFT_EMIT_LOC_STRINGS = YES;
				SWIFT_VERSION = 5.0;
				TARGETED_DEVICE_FAMILY = "1,2";
			};
			name = Release;
		};
/* End XCBuildConfiguration section */

/* Begin XCConfigurationList section */
		3BA80E7F2A8C192E00BF97EE /* Build configuration list for PBXProject "IOS10-HW17-KalykAzhar" */ = {
			isa = XCConfigurationList;
			buildConfigurations = (
				3BA80E962A8C192F00BF97EE /* Debug */,
				3BA80E972A8C192F00BF97EE /* Release */,
			);
			defaultConfigurationIsVisible = 0;
			defaultConfigurationName = Release;
		};
		3BA80E982A8C192F00BF97EE /* Build configuration list for PBXNativeTarget "IOS10-HW17-KalykAzhar" */ = {
			isa = XCConfigurationList;
			buildConfigurations = (
				3BA80E992A8C192F00BF97EE /* Debug */,
				3BA80E9A2A8C192F00BF97EE /* Release */,
			);
			defaultConfigurationIsVisible = 0;
			defaultConfigurationName = Release;
		};
/* End XCConfigurationList section */
	};
	rootObject = 3BA80E7C2A8C192E00BF97EE /* Project object */;
}
